
Microsoft Visual Studio Solution File, Format Version 12.00
# Visual Studio Version 16
VisualStudioVersion = 16.0.31229.75
MinimumVisualStudioVersion = 10.0.40219.1
Project("{9A19103F-16F7-4668-BE54-9A1E7A4F7556}") = "ToDoList", "ToDoList\ToDoList.csproj", "{233601D5-1A3E-43D6-AF28-43E376E366BF}"
EndProject
Project("{2150E333-8FDC-42A3-9474-1A3956D46DE8}") = "Solution Items", "Solution Items", "{E0CB2BAA-2236-44B0-BEE0-4C433FF0F23F}"
	ProjectSection(SolutionItems) = preProject
		README.md = README.md
	EndProjectSection
EndProject
Project("{FAE04EC0-301F-11D3-BF4B-00C04F79EFBC}") = "ToDoListtest", "ToDoListtest\ToDoListtest.csproj", "{C286C153-B5BE-455A-8159-426F227703AA}"
EndProject
Global
	GlobalSection(SolutionConfigurationPlatforms) = preSolution
		Debug|Any CPU = Debug|Any CPU
		Release|Any CPU = Release|Any CPU
	EndGlobalSection
	GlobalSection(ProjectConfigurationPlatforms) = postSolution
		{233601D5-1A3E-43D6-AF28-43E376E366BF}.Debug|Any CPU.ActiveCfg = Debug|Any CPU
		{233601D5-1A3E-43D6-AF28-43E376E366BF}.Debug|Any CPU.Build.0 = Debug|Any CPU
		{233601D5-1A3E-43D6-AF28-43E376E366BF}.Release|Any CPU.ActiveCfg = Release|Any CPU
		{233601D5-1A3E-43D6-AF28-43E376E366BF}.Release|Any CPU.Build.0 = Release|Any CPU
		{C286C153-B5BE-455A-8159-426F227703AA}.Debug|Any CPU.ActiveCfg = Debug|Any CPU
		{C286C153-B5BE-455A-8159-426F227703AA}.Debug|Any CPU.Build.0 = Debug|Any CPU
		{C286C153-B5BE-455A-8159-426F227703AA}.Release|Any CPU.ActiveCfg = Release|Any CPU
		{C286C153-B5BE-455A-8159-426F227703AA}.Release|Any CPU.Build.0 = Release|Any CPU
	EndGlobalSection
	GlobalSection(SolutionProperties) = preSolution
		HideSolutionNode = FALSE
	EndGlobalSection
	GlobalSection(ExtensibilityGlobals) = postSolution
		SolutionGuid = {89D7F9E2-5EB4-4335-B6FF-52276A1873DF}
	EndGlobalSection
EndGlobal
